
Microsoft Visual Studio Solution File, Format Version 12.00
Project("{FAE04EC0-301F-11D3-BF4B-00C04F79EFBC}") = "HM.GameServer", "HM.GameServer\HM.GameServer.csproj", "{B2A31EE3-F068-46DE-8119-B9BBAC264797}"
EndProject
Project("{2150E333-8FDC-42A3-9474-1A3956D46DE8}") = "GameServer", "GameServer", "{8619FB67-E851-48F6-A1A3-968637EB964C}"
EndProject
Project("{2150E333-8FDC-42A3-9474-1A3956D46DE8}") = "Common", "Common", "{5F6D3895-0CB1-435C-A3E6-E392EDC9A4CA}"
EndProject
Project("{2150E333-8FDC-42A3-9474-1A3956D46DE8}") = "Meta", "Meta", "{96C8BB48-72A4-4C7B-94FC-535D180CED3E}"
EndProject
Project("{2150E333-8FDC-42A3-9474-1A3956D46DE8}") = "Database", "Database", "{ABCE3396-DB95-4F21-BAB5-5D5C32D04F23}"
EndProject
Project("{FAE04EC0-301F-11D3-BF4B-00C04F79EFBC}") = "HM.Common.Json", "HM.Common.Json\HM.Common.Json.csproj", "{5DF0069E-7288-43F1-921E-1894060BA310}"
EndProject
Project("{FAE04EC0-301F-11D3-BF4B-00C04F79EFBC}") = "HM.MetaGame", "HM.MetaGame\HM.MetaGame.csproj", "{1211CDBB-CE32-4E2C-8793-E917288F30C9}"
EndProject
Project("{FAE04EC0-301F-11D3-BF4B-00C04F79EFBC}") = "HM.Migrator", "HM.Migrator\HM.Migrator.csproj", "{F24A8FA6-CEE0-476E-B262-61CD9E713AE9}"
EndProject
Global
	GlobalSection(SolutionConfigurationPlatforms) = preSolution
		Debug|Any CPU = Debug|Any CPU
		Release|Any CPU = Release|Any CPU
	EndGlobalSection
	GlobalSection(ProjectConfigurationPlatforms) = postSolution
		{B2A31EE3-F068-46DE-8119-B9BBAC264797}.Debug|Any CPU.ActiveCfg = Debug|Any CPU
		{B2A31EE3-F068-46DE-8119-B9BBAC264797}.Debug|Any CPU.Build.0 = Debug|Any CPU
		{B2A31EE3-F068-46DE-8119-B9BBAC264797}.Release|Any CPU.ActiveCfg = Release|Any CPU
		{B2A31EE3-F068-46DE-8119-B9BBAC264797}.Release|Any CPU.Build.0 = Release|Any CPU
		{5DF0069E-7288-43F1-921E-1894060BA310}.Debug|Any CPU.ActiveCfg = Debug|Any CPU
		{5DF0069E-7288-43F1-921E-1894060BA310}.Debug|Any CPU.Build.0 = Debug|Any CPU
		{5DF0069E-7288-43F1-921E-1894060BA310}.Release|Any CPU.ActiveCfg = Release|Any CPU
		{5DF0069E-7288-43F1-921E-1894060BA310}.Release|Any CPU.Build.0 = Release|Any CPU
		{1211CDBB-CE32-4E2C-8793-E917288F30C9}.Debug|Any CPU.ActiveCfg = Debug|Any CPU
		{1211CDBB-CE32-4E2C-8793-E917288F30C9}.Debug|Any CPU.Build.0 = Debug|Any CPU
		{1211CDBB-CE32-4E2C-8793-E917288F30C9}.Release|Any CPU.ActiveCfg = Release|Any CPU
		{1211CDBB-CE32-4E2C-8793-E917288F30C9}.Release|Any CPU.Build.0 = Release|Any CPU
		{F24A8FA6-CEE0-476E-B262-61CD9E713AE9}.Debug|Any CPU.ActiveCfg = Debug|Any CPU
		{F24A8FA6-CEE0-476E-B262-61CD9E713AE9}.Debug|Any CPU.Build.0 = Debug|Any CPU
		{F24A8FA6-CEE0-476E-B262-61CD9E713AE9}.Release|Any CPU.ActiveCfg = Release|Any CPU
		{F24A8FA6-CEE0-476E-B262-61CD9E713AE9}.Release|Any CPU.Build.0 = Release|Any CPU
	EndGlobalSection
	GlobalSection(NestedProjects) = preSolution
		{B2A31EE3-F068-46DE-8119-B9BBAC264797} = {8619FB67-E851-48F6-A1A3-968637EB964C}
		{5DF0069E-7288-43F1-921E-1894060BA310} = {5F6D3895-0CB1-435C-A3E6-E392EDC9A4CA}
		{1211CDBB-CE32-4E2C-8793-E917288F30C9} = {96C8BB48-72A4-4C7B-94FC-535D180CED3E}
		{F24A8FA6-CEE0-476E-B262-61CD9E713AE9} = {ABCE3396-DB95-4F21-BAB5-5D5C32D04F23}
	EndGlobalSection
EndGlobal
